
Microsoft Visual Studio Solution File, Format Version 12.00
# Visual Studio 15
Project("{FAE04EC0-301F-11D3-BF4B-00C04F79EFBC}") = "BattleShip.API", "BattleShip.API\BattleShip.API.csproj", "{55B7037B-0256-43BD-A9EC-4B90E2189643}"
EndProject
Project("{FAE04EC0-301F-11D3-BF4B-00C04F79EFBC}") = "BattleShip.Test", "BattleShip.Test\BattleShip.Test.csproj", "{31CF688D-CE6F-4395-9D8D-F83F1C9A6349}"
EndProject
Global
	GlobalSection(SolutionConfigurationPlatforms) = preSolution
		Debug|Any CPU = Debug|Any CPU
		Release|Any CPU = Release|Any CPU
	EndGlobalSection
	GlobalSection(ProjectConfigurationPlatforms) = postSolution
		{55B7037B-0256-43BD-A9EC-4B90E2189643}.Debug|Any CPU.ActiveCfg = Debug|Any CPU
		{55B7037B-0256-43BD-A9EC-4B90E2189643}.Debug|Any CPU.Build.0 = Debug|Any CPU
		{55B7037B-0256-43BD-A9EC-4B90E2189643}.Release|Any CPU.ActiveCfg = Release|Any CPU
		{55B7037B-0256-43BD-A9EC-4B90E2189643}.Release|Any CPU.Build.0 = Release|Any CPU
		{31CF688D-CE6F-4395-9D8D-F83F1C9A6349}.Debug|Any CPU.ActiveCfg = Debug|Any CPU
		{31CF688D-CE6F-4395-9D8D-F83F1C9A6349}.Debug|Any CPU.Build.0 = Debug|Any CPU
		{31CF688D-CE6F-4395-9D8D-F83F1C9A6349}.Release|Any CPU.ActiveCfg = Release|Any CPU
		{31CF688D-CE6F-4395-9D8D-F83F1C9A6349}.Release|Any CPU.Build.0 = Release|Any CPU
	EndGlobalSection
EndGlobal
